{
  "name": "backbone.vdomview",
  "version": "0.0.2",
  "lockfileVersion": 1,
  "requires": true,
  "dependencies": {
    "backbone": {
      "version": "1.3.3",
      "resolved": "https://registry.npmjs.org/backbone/-/backbone-1.3.3.tgz",
      "integrity": "sha1-TMgOp8sWMaxHSInOQPL4vGg7KZk=",
      "requires": {
        "underscore": "1.8.3"
      }
    },
    "snabbdom": {
      "version": "0.7.0",
      "resolved": "https://registry.npmjs.org/snabbdom/-/snabbdom-0.7.0.tgz",
      "integrity": "sha512-LCg6lH9p2OD5n52SI4LlpYmDW2bscxsyN7rhnGJB/R3LQy/FdJfqNBM5aVST+zOfM4OdKFl8pxVUhjGsPtQA1w==",
      "dev": true
    },
    "underscore": {
      "version": "1.8.3",
      "resolved": "https://registry.npmjs.org/underscore/-/underscore-1.8.3.tgz",
      "integrity": "sha1-Tz+1OxBuYJf8+ctBCfKl6b36UCI="
    }
  }
}
